Microsoft Visual Studio Solution File, Format Version 12.00
# Visual Studio Version 16
VisualStudioVersion = 16.0.31005.135
MinimumVisualStudioVersion = 15.0
Project("{FAE04EC0-301F-11D3-BF4B-00C04F79EFBC}") = "GamingEventPlugins", "ApiStore\GamingEventPlugins.csproj", "{E3B20E54-ACFF-4CB1-A5EC-97EB6AB462EF}"
EndProject
Global
	GlobalSection(SolutionConfigurationPlatforms) = preSolution
		Debug|Any CPU = Debug|Any CPU
		Release|Any CPU = Release|Any CPU
	EndGlobalSection
	GlobalSection(ProjectConfigurationPlatforms) = postSolution
		{E3B20E54-ACFF-4CB1-A5EC-97EB6AB462EF}.Debug|Any CPU.ActiveCfg = Debug|Any CPU
		{E3B20E54-ACFF-4CB1-A5EC-97EB6AB462EF}.Debug|Any CPU.Build.0 = Debug|Any CPU
		{E3B20E54-ACFF-4CB1-A5EC-97EB6AB462EF}.Release|Any CPU.ActiveCfg = Release|Any CPU
		{E3B20E54-ACFF-4CB1-A5EC-97EB6AB462EF}.Release|Any CPU.Build.0 = Release|Any CPU
	EndGlobalSection
	GlobalSection(SolutionProperties) = preSolution
		HideSolutionNode = FALSE
	EndGlobalSection
	GlobalSection(ExtensibilityGlobals) = postSolution
		SolutionGuid = {D038EE90-D877-4A8F-82E4-C4DB3330B36D}
	EndGlobalSection
EndGlobal
